
Microsoft Visual Studio Solution File, Format Version 12.00
# Visual Studio Version 16
VisualStudioVersion = 16.0.31702.278
MinimumVisualStudioVersion = 10.0.40219.1
Project("{FAE04EC0-301F-11D3-BF4B-00C04F79EFBC}") = "SinemaOtomasyonu", "SinemaOtomasyonu\SinemaOtomasyonu.csproj", "{8342B60B-EE9F-49A8-B409-A7C843860234}"
EndProject
Global
	GlobalSection(SolutionConfigurationPlatforms) = preSolution
		Debug|Any CPU = Debug|Any CPU
		Release|Any CPU = Release|Any CPU
	EndGlobalSection
	GlobalSection(ProjectConfigurationPlatforms) = postSolution
		{8342B60B-EE9F-49A8-B409-A7C843860234}.Debug|Any CPU.ActiveCfg = Debug|Any CPU
		{8342B60B-EE9F-49A8-B409-A7C843860234}.Debug|Any CPU.Build.0 = Debug|Any CPU
		{8342B60B-EE9F-49A8-B409-A7C843860234}.Release|Any CPU.ActiveCfg = Release|Any CPU
		{8342B60B-EE9F-49A8-B409-A7C843860234}.Release|Any CPU.Build.0 = Release|Any CPU
	EndGlobalSection
	GlobalSection(SolutionProperties) = preSolution
		HideSolutionNode = FALSE
	EndGlobalSection
	GlobalSection(ExtensibilityGlobals) = postSolution
		SolutionGuid = {7E15917E-67BE-43C4-A0BC-414099CD17A1}
	EndGlobalSection
EndGlobal
